
Microsoft Visual Studio Solution File, Format Version 12.00
# Visual Studio 2013
VisualStudioVersion = 12.0.40629.0
MinimumVisualStudioVersion = 10.0.40219.1
Project("{FAE04EC0-301F-11D3-BF4B-00C04F79EFBC}") = "WebFormsIntro", "WebFormsIntro\WebFormsIntro.csproj", "{CC0A5359-25AF-4F00-9AC0-9108C4F6FF09}"
EndProject
Project("{FAE04EC0-301F-11D3-BF4B-00C04F79EFBC}") = "WebFormsMasterIntro", "WebFormsMasterIntro\WebFormsMasterIntro.csproj", "{EC99AAF1-F2A2-4498-8A63-FB58B741294D}"
EndProject
Project("{FAE04EC0-301F-11D3-BF4B-00C04F79EFBC}") = "Validations", "Validations\Validations.csproj", "{A92EA26B-518E-4E6D-8244-8F21AC4312B9}"
EndProject
Global
	GlobalSection(SolutionConfigurationPlatforms) = preSolution
		Debug|Any CPU = Debug|Any CPU
		Release|Any CPU = Release|Any CPU
	EndGlobalSection
	GlobalSection(ProjectConfigurationPlatforms) = postSolution
		{CC0A5359-25AF-4F00-9AC0-9108C4F6FF09}.Debug|Any CPU.ActiveCfg = Debug|Any CPU
		{CC0A5359-25AF-4F00-9AC0-9108C4F6FF09}.Debug|Any CPU.Build.0 = Debug|Any CPU
		{CC0A5359-25AF-4F00-9AC0-9108C4F6FF09}.Release|Any CPU.ActiveCfg = Release|Any CPU
		{CC0A5359-25AF-4F00-9AC0-9108C4F6FF09}.Release|Any CPU.Build.0 = Release|Any CPU
		{EC99AAF1-F2A2-4498-8A63-FB58B741294D}.Debug|Any CPU.ActiveCfg = Debug|Any CPU
		{EC99AAF1-F2A2-4498-8A63-FB58B741294D}.Debug|Any CPU.Build.0 = Debug|Any CPU
		{EC99AAF1-F2A2-4498-8A63-FB58B741294D}.Release|Any CPU.ActiveCfg = Release|Any CPU
		{EC99AAF1-F2A2-4498-8A63-FB58B741294D}.Release|Any CPU.Build.0 = Release|Any CPU
		{A92EA26B-518E-4E6D-8244-8F21AC4312B9}.Debug|Any CPU.ActiveCfg = Debug|Any CPU
		{A92EA26B-518E-4E6D-8244-8F21AC4312B9}.Debug|Any CPU.Build.0 = Debug|Any CPU
		{A92EA26B-518E-4E6D-8244-8F21AC4312B9}.Release|Any CPU.ActiveCfg = Release|Any CPU
		{A92EA26B-518E-4E6D-8244-8F21AC4312B9}.Release|Any CPU.Build.0 = Release|Any CPU
	EndGlobalSection
	GlobalSection(SolutionProperties) = preSolution
		HideSolutionNode = FALSE
	EndGlobalSection
EndGlobal
